{
  "name": "english-career-coach-node22-runtime",
  "version": "1.0.0",
  "lockfileVersion": 3,
  "requires": true,
  "packages": {
    "": {
      "name": "english-career-coach-node22-runtime",
      "version": "1.0.0",
      "devDependencies": {
        "node": "22.23.2"
      }
    },
    "node_modules/node": {
      "version": "22.23.2",
      "resolved": "https://registry.npmjs.org/node/-/node-22.23.2.tgz",
      "integrity": "sha512-OGbbJ0gJCDJ+wEw+VkMxVgdfqYI81k3xaXof3dF2zX078bOttW7ZyMdxJYzJn3hvTwMyYEw/SvnqKqOCiA1C4w==",
      "dev": true,
      "hasInstallScript": true,
      "license": "MIT",
      "dependencies": {
        "node-bin-setup": "^1.0.0"
      },
      "bin": {
        "node": "bin/node"
      },
      "engines": {
        "npm": ">=5.0.0"
      }
    },
    "node_modules/node-bin-setup": {
      "version": "1.1.4",
      "resolved": "https://registry.npmjs.org/node-bin-setup/-/node-bin-setup-1.1.4.tgz",
      "integrity": "sha512-vWNHOne0ZUavArqPP5LJta50+S8R261Fr5SvGul37HbEDcowvLjwdvd0ZeSr0r2lTSrPxl6okq9QUw8BFGiAxA==",
      "dev": true,
      "license": "ISC"
    }
  }
}
